// !$*UTF8*$!
{
	archiveVersion = 1;
	classes = {
	};
	objectVersion = 50;
	objects = {

/* Begin PBXBuildFile section */
		6803ACB122C8D775001899CF /* AppDelegate.swift in Sources */ = {isa = PBXBuildFile; fileRef = 6803ACB022C8D775001899CF /* AppDelegate.swift */; };
		6803ACB322C8D775001899CF /* ViewController.swift in Sources */ = {isa = PBXBuildFile; fileRef = 6803ACB222C8D775001899CF /* ViewController.swift */; };
		6803ACB622C8D775001899CF /* Main.storyboard in Resources */ = {isa = PBXBuildFile; fileRef = 6803ACB422C8D775001899CF /* Main.storyboard */; };
		6803ACB922C8D775001899CF /* BetterApp.xcdatamodeld in Sources */ = {isa = PBXBuildFile; fileRef = 6803ACB722C8D775001899CF /* BetterApp.xcdatamodeld */; };
		6803ACBB22C8D777001899CF /* Assets.xcassets in Resources */ = {isa = PBXBuildFile; fileRef = 6803ACBA22C8D777001899CF /* Assets.xcassets */; };
		6803ACBE22C8D777001899CF /* LaunchScreen.storyboard in Resources */ = {isa = PBXBuildFile; fileRef = 6803ACBC22C8D777001899CF /* LaunchScreen.storyboard */; };
/* End PBXBuildFile section */

/* Begin PBXFileReference section */
		6803ACAD22C8D775001899CF /* BetterApp.app */ = {isa = PBXFileReference; explicitFileType = wrapper.application; includeInIndex = 0; path = BetterApp.app; sourceTree = BUILT_PRODUCTS_DIR; };
		6803ACB022C8D775001899CF /* AppDelegate.swift */ = {isa = PBXFileReference; lastKnownFileType = sourcecode.swift; path = AppDelegate.swift; sourceTree = "<group>"; };
		6803ACB222C8D775001899CF /* ViewController.swift */ = {isa = PBXFileReference; lastKnownFileType = sourcecode.swift; path = ViewController.swift; sourceTree = "<group>"; };
		6803ACB522C8D775001899CF /* Base */ = {isa = PBXFileReference; lastKnownFileType = file.storyboard; name = Base; path = Base.lproj/Main.storyboard; sourceTree = "<group>"; };
		6803ACB822C8D775001899CF /* BetterApp.xcdatamodel */ = {isa = PBXFileReference; lastKnownFileType = wrapper.xcdatamodel; path = BetterApp.xcdatamodel; sourceTree = "<group>"; };
		6803ACBA22C8D777001899CF /* Assets.xcassets */ = {isa = PBXFileReference; lastKnownFileType = folder.assetcatalog; path = Assets.xcassets; sourceTree = "<group>"; };
		6803ACBD22C8D777001899CF /* Base */ = {isa = PBXFileReference; lastKnownFileType = file.storyboard; name = Base; path = Base.lproj/LaunchScreen.storyboard; sourceTree = "<group>"; };
		6803ACBF22C8D777001899CF /* Info.plist */ = {isa = PBXFileReference; lastKnownFileType = text.plist.xml; path = Info.plist; sourceTree = "<group>"; };
/* End PBXFileReference section */

/* Begin PBXFrameworksBuildPhase section */
		6803ACAA22C8D775001899CF /* Frameworks */ = {
			isa = PBXFrameworksBuildPhase;
			buildActionMask = 2147483647;
			files = (
			);
			runOnlyForDeploymentPostprocessing = 0;
		};
/* End PBXFrameworksBuildPhase section */

/* Begin PBXGroup section */
		6803ACA422C8D775001899CF = {
			isa = PBXGroup;
			children = (
				6803ACAF22C8D775001899CF /* BetterApp */,
				6803ACAE22C8D775001899CF /* Products */,
			);
			sourceTree = "<group>";
		};
		6803ACAE22C8D775001899CF /* Products */ = {
			isa = PBXGroup;
			children = (
				6803ACAD22C8D775001899CF /* BetterApp.app */,
			);
			name = Products;
			sourceTree = "<group>";
		};
		6803ACAF22C8D775001899CF /* BetterApp */ = {
			isa = PBXGroup;
			children = (
				6803ACB022C8D775001899CF /* AppDelegate.swift */,
				6803ACB222C8D775001899CF /* ViewController.swift */,
				6803ACB422C8D775001899CF /* Main.storyboard */,
				6803ACBA22C8D777001899CF /* Assets.xcassets */,
				6803ACBC22C8D777001899CF /* LaunchScreen.storyboard */,
				6803ACBF22C8D777001899CF /* Info.plist */,
				6803ACB722C8D775001899CF /* BetterApp.xcdatamodeld */,
			);
			path = BetterApp;
			sourceTree = "<group>";
		};
/* End PBXGroup section */

/* Begin PBXNativeTarget section */
		6803ACAC22C8D775001899CF /* BetterApp */ = {
			isa = PBXNativeTarget;
			buildConfigurationList = 6803ACC222C8D777001899CF /* Build configuration list for PBXNativeTarget "BetterApp" */;
			buildPhases = (
				6803ACA922C8D775001899CF /* Sources */,
				6803ACAA22C8D775001899CF /* Frameworks */,
				6803ACAB22C8D775001899CF /* Resources */,
			);
			buildRules = (
			);
			dependencies = (
			);
			name = BetterApp;
			productName = BetterApp;
			productReference = 6803ACAD22C8D775001899CF /* BetterApp.app */;
			productType = "com.apple.product-type.application";
		};
/* End PBXNativeTarget section */

/* Begin PBXProject section */
		6803ACA522C8D775001899CF /* Project object */ = {
			isa = PBXProject;
			attributes = {
				LastSwiftUpdateCheck = 1020;
				LastUpgradeCheck = 1020;
				TargetAttributes = {
					6803ACAC22C8D775001899CF = {
						CreatedOnToolsVersion = 10.2.1;
					};
				};
			};
			buildConfigurationList = 6803ACA822C8D775001899CF /* Build configuration list for PBXProject "BetterApp" */;
			compatibilityVersion = "Xcode 9.3";
			developmentRegion = en;
			hasScannedForEncodings = 0;
			knownRegions = (
				en,
				Base,
			);
			mainGroup = 6803ACA422C8D775001899CF;
			productRefGroup = 6803ACAE22C8D775001899CF /* Products */;
			projectDirPath = "";
			projectRoot = "";
			targets = (
				6803ACAC22C8D775001899CF /* BetterApp */,
			);
		};
/* End PBXProject section */

/* Begin PBXResourcesBuildPhase section */
		6803ACAB22C8D775001899CF /* Resources */ = {
			isa = PBXResourcesBuildPhase;
			buildActionMask = 2147483647;
			files = (
				6803ACBE22C8D777001899CF /* LaunchScreen.storyboard in Resources */,
				6803ACBB22C8D777001899CF /* Assets.xcassets in Resources */,
				6803ACB622C8D775001899CF /* Main.storyboard in Resources */,
			);
			runOnlyForDeploymentPostprocessing = 0;
		};
/* End PBXResourcesBuildPhase section */

/* Begin PBXSourcesBuildPhase section */
		6803ACA922C8D775001899CF /* Sources */ = {
			isa = PBXSourcesBuildPhase;
			buildActionMask = 2147483647;
			files = (
				6803ACB322C8D775001899CF /* ViewController.swift in Sources */,
				6803ACB122C8D775001899CF /* AppDelegate.swift in Sources */,
				6803ACB922C8D775001899CF /* BetterApp.xcdatamodeld in Sources */,
			);
			runOnlyForDeploymentPostprocessing = 0;
		};
/* End PBXSourcesBuildPhase section */

/* Begin PBXVariantGroup section */
		6803ACB422C8D775001899CF /* Main.storyboard */ = {
			isa = PBXVariantGroup;
			children = (
				6803ACB522C8D775001899CF /* Base */,
			);
			name = Main.storyboard;
			sourceTree = "<group>";
		};
		6803ACBC22C8D777001899CF /* LaunchScreen.storyboard */ = {
			isa = PBXVariantGroup;
			children = (
				6803ACBD22C8D777001899CF /* Base */,
			);
			name = LaunchScreen.storyboard;
			sourceTree = "<group>";
		};
/* End PBXVariantGroup section */

/* Begin XCBuildConfiguration section */
		6803ACC022C8D777001899CF /* Debug */ = {
			isa = XCBuildConfiguration;
			buildSettings = {
				ALWAYS_SEARCH_USER_PATHS = NO;
				CLANG_ANALYZER_NONNULL = YES;
				CLANG_ANALYZER_NUMBER_OBJECT_CONVERSION = YES_AGGRESSIVE;
				CLANG_CXX_LANGUAGE_STANDARD = "gnu++14";
				CLANG_CXX_LIBRARY = "libc++";
				CLANG_ENABLE_MODULES = YES;
				CLANG_ENABLE_OBJC_ARC = YES;
				CLANG_ENABLE_OBJC_WEAK = YES;
				CLANG_WARN_BLOCK_CAPTURE_AUTORELEASING = YES;
				CLANG_WARN_BOOL_CONVERSION = YES;
				CLANG_WARN_COMMA = YES;
				CLANG_WARN_CONSTANT_CONVERSION = YES;
				CLANG_WARN_DEPRECATED_OBJC_IMPLEMENTATIONS = YES;
				CLANG_WARN_DIRECT_OBJC_ISA_USAGE = YES_ERROR;
				CLANG_WARN_DOCUMENTATION_COMMENTS = YES;
				CLANG_WARN_EMPTY_BODY = YES;
				CLANG_WARN_ENUM_CONVERSION = YES;
				CLANG_WARN_INFINITE_RECURSION = YES;
				CLANG_WARN_INT_CONVERSION = YES;
				CLANG_WARN_NON_LITERAL_NULL_CONVERSION = YES;
				CLANG_WARN_OBJC_IMPLICIT_RETAIN_SELF = YES;
				CLANG_WARN_OBJC_LITERAL_CONVERSION = YES;
				CLANG_WARN_OBJC_ROOT_CLASS = YES_ERROR;
				CLANG_WARN_RANGE_LOOP_ANALYSIS = YES;
				CLANG_WARN_STRICT_PROTOTYPES = YES;
				CLANG_WARN_SUSPICIOUS_MOVE = YES;
				CLANG_WARN_UNGUARDED_AVAILABILITY = YES_AGGRESSIVE;
				CLANG_WARN_UNREACHABLE_CODE = YES;
				CLANG_WARN__DUPLICATE_METHOD_MATCH = YES;
				CODE_SIGN_IDENTITY = "iPhone Developer";
				COPY_PHASE_STRIP = NO;
				DEBUG_INFORMATION_FORMAT = dwarf;
				ENABLE_STRICT_OBJC_MSGSEND = YES;
				ENABLE_TESTABILITY = YES;
				GCC_C_LANGUAGE_STANDARD = gnu11;
				GCC_DYNAMIC_NO_PIC = NO;
				GCC_NO_COMMON_BLOCKS = YES;
				GCC_OPTIMIZATION_LEVEL = 0;
				GCC_PREPROCESSOR_DEFINITIONS = (
					"DEBUG=1",
					"$(inherited)",
				);
				GCC_WARN_64_TO_32_BIT_CONVERSION = YES;
				GCC_WARN_ABOUT_RETURN_TYPE = YES_ERROR;
				GCC_WARN_UNDECLARED_SELECTOR = YES;
				GCC_WARN_UNINITIALIZED_AUTOS = YES_AGGRESSIVE;
				GCC_WARN_UNUSED_FUNCTION = YES;
				GCC_WARN_UNUSED_VARIABLE = YES;
				IPHONEOS_DEPLOYMENT_TARGET = 12.2;
				MTL_ENABLE_DEBUG_INFO = INCLUDE_SOURCE;
				MTL_FAST_MATH = YES;
				ONLY_ACTIVE_ARCH = YES;
				SDKROOT = iphoneos;
				SWIFT_ACTIVE_COMPILATION_CONDITIONS = DEBUG;
				SWIFT_OPTIMIZATION_LEVEL = "-Onone";
			};
			name = Debug;
		};
		6803ACC122C8D777001899CF /* Release */ = {
			isa = XCBuildConfiguration;
			buildSettings = {
				ALWAYS_SEARCH_USER_PATHS = NO;
				CLANG_ANALYZER_NONNULL = YES;
				CLANG_ANALYZER_NUMBER_OBJECT_CONVERSION = YES_AGGRESSIVE;
				CLANG_CXX_LANGUAGE_STANDARD = "gnu++14";
				CLANG_CXX_LIBRARY = "libc++";
				CLANG_ENABLE_MODULES = YES;
				CLANG_ENABLE_OBJC_ARC = YES;
				CLANG_ENABLE_OBJC_WEAK = YES;
				CLANG_WARN_BLOCK_CAPTURE_AUTORELEASING = YES;
				CLANG_WARN_BOOL_CONVERSION = YES;
				CLANG_WARN_COMMA = YES;
				CLANG_WARN_CONSTANT_CONVERSION = YES;
				CLANG_WARN_DEPRECATED_OBJC_IMPLEMENTATIONS = YES;
				CLANG_WARN_DIRECT_OBJC_ISA_USAGE = YES_ERROR;
				CLANG_WARN_DOCUMENTATION_COMMENTS = YES;
				CLANG_WARN_EMPTY_BODY = YES;
				CLANG_WARN_ENUM_CONVERSION = YES;
				CLANG_WARN_INFINITE_RECURSION = YES;
				CLANG_WARN_INT_CONVERSION = YES;
				CLANG_WARN_NON_LITERAL_NULL_CONVERSION = YES;
				CLANG_WARN_OBJC_IMPLICIT_RETAIN_SELF = YES;
				CLANG_WARN_OBJC_LITERAL_CONVERSION = YES;
				CLANG_WARN_OBJC_ROOT_CLASS = YES_ERROR;
				CLANG_WARN_RANGE_LOOP_ANALYSIS = YES;
				CLANG_WARN_STRICT_PROTOTYPES = YES;
				CLANG_WARN_SUSPICIOUS_MOVE = YES;
				CLANG_WARN_UNGUARDED_AVAILABILITY = YES_AGGRESSIVE;
				CLANG_WARN_UNREACHABLE_CODE = YES;
				CLANG_WARN__DUPLICATE_METHOD_MATCH = YES;
				CODE_SIGN_IDENTITY = "iPhone Developer";
				COPY_PHASE_STRIP = NO;
				DEBUG_INFORMATION_FORMAT = "dwarf-with-dsym";
				ENABLE_NS_ASSERTIONS = NO;
				ENABLE_STRICT_OBJC_MSGSEND = YES;
				GCC_C_LANGUAGE_STANDARD = gnu11;
				GCC_NO_COMMON_BLOCKS = YES;
				GCC_WARN_64_TO_32_BIT_CONVERSION = YES;
				GCC_WARN_ABOUT_RETURN_TYPE = YES_ERROR;
				GCC_WARN_UNDECLARED_SELECTOR = YES;
				GCC_WARN_UNINITIALIZED_AUTOS = YES_AGGRESSIVE;
				GCC_WARN_UNUSED_FUNCTION = YES;
				GCC_WARN_UNUSED_VARIABLE = YES;
				IPHONEOS_DEPLOYMENT_TARGET = 12.2;
				MTL_ENABLE_DEBUG_INFO = NO;
				MTL_FAST_MATH = YES;
				SDKROOT = iphoneos;
				SWIFT_COMPILATION_MODE = wholemodule;
				SWIFT_OPTIMIZATION_LEVEL = "-O";
				VALIDATE_PRODUCT = YES;
			};
			name = Release;
		};
		6803ACC322C8D777001899CF /* Debug */ = {
			isa = XCBuildConfiguration;
			buildSettings = {
				ASSETCATALOG_COMPILER_APPICON_NAME = AppIcon;
				CODE_SIGN_STYLE = Automatic;
				INFOPLIST_FILE = BetterApp/Info.plist;
				LD_RUNPATH_SEARCH_PATHS = (
					"$(inherited)",
					"@executable_path/Frameworks",
				);
				PRODUCT_BUNDLE_IDENTIFIER = hr.fer.ios.BetterApp;
				PRODUCT_NAME = "$(TARGET_NAME)";
				SWIFT_VERSION = 5.0;
				TARGETED_DEVICE_FAMILY = "1,2";
			};
			name = Debug;
		};
		6803ACC422C8D777001899CF /* Release */ = {
			isa = XCBuildConfiguration;
			buildSettings = {
				ASSETCATALOG_COMPILER_APPICON_NAME = AppIcon;
				CODE_SIGN_STYLE = Automatic;
				INFOPLIST_FILE = BetterApp/Info.plist;
				LD_RUNPATH_SEARCH_PATHS = (
					"$(inherited)",
					"@executable_path/Frameworks",
				);
				PRODUCT_BUNDLE_IDENTIFIER = hr.fer.ios.BetterApp;
				PRODUCT_NAME = "$(TARGET_NAME)";
				SWIFT_VERSION = 5.0;
				TARGETED_DEVICE_FAMILY = "1,2";
			};
			name = Release;
		};
/* End XCBuildConfiguration section */

/* Begin XCConfigurationList section */
		6803ACA822C8D775001899CF /* Build configuration list for PBXProject "BetterApp" */ = {
			isa = XCConfigurationList;
			buildConfigurations = (
				6803ACC022C8D777001899CF /* Debug */,
				6803ACC122C8D777001899CF /* Release */,
			);
			defaultConfigurationIsVisible = 0;
			defaultConfigurationName = Release;
		};
		6803ACC222C8D777001899CF /* Build configuration list for PBXNativeTarget "BetterApp" */ = {
			isa = XCConfigurationList;
			buildConfigurations = (
				6803ACC322C8D777001899CF /* Debug */,
				6803ACC422C8D777001899CF /* Release */,
			);
			defaultConfigurationIsVisible = 0;
			defaultConfigurationName = Release;
		};
/* End XCConfigurationList section */

/* Begin XCVersionGroup section */
		6803ACB722C8D775001899CF /* BetterApp.xcdatamodeld */ = {
			isa = XCVersionGroup;
			children = (
				6803ACB822C8D775001899CF /* BetterApp.xcdatamodel */,
			);
			currentVersion = 6803ACB822C8D775001899CF /* BetterApp.xcdatamodel */;
			path = BetterApp.xcdatamodeld;
			sourceTree = "<group>";
			versionGroupType = wrapper.xcdatamodel;
		};
/* End XCVersionGroup section */
	};
	rootObject = 6803ACA522C8D775001899CF /* Project object */;
}
